
Microsoft Visual Studio Solution File, Format Version 12.00
# Visual Studio 15
VisualStudioVersion = 15.0.26730.12
MinimumVisualStudioVersion = 10.0.40219.1
Project("{FAE04EC0-301F-11D3-BF4B-00C04F79EFBC}") = "Demo.Api", "Demo.Api\Demo.Api.csproj", "{5BFC3E5C-A15F-418C-8CED-AB4A4EED04B6}"
EndProject
Project("{FAE04EC0-301F-11D3-BF4B-00C04F79EFBC}") = "Demo.Authentication", "Demo.Authentication\Demo.Authentication.csproj", "{42FF1B9F-8D15-4C27-8AA8-B945E1235DF6}"
EndProject
Project("{FAE04EC0-301F-11D3-BF4B-00C04F79EFBC}") = "Demo.Data.Mongo", "Demo.Data.Mongo\Demo.Data.Mongo.csproj", "{F0885440-96F8-4BD2-AFB9-5623F5F7C3D5}"
EndProject
Project("{FAE04EC0-301F-11D3-BF4B-00C04F79EFBC}") = "Demo.Model", "Demo.Model\Demo.Model.csproj", "{95D8BBBB-200B-442D-A864-523E502B7CAE}"
EndProject
Global
	GlobalSection(SolutionConfigurationPlatforms) = preSolution
		Debug|Any CPU = Debug|Any CPU
		Release|Any CPU = Release|Any CPU
		Debug|x64 = Debug|x64
		Debug|x86 = Debug|x86
		Release|x64 = Release|x64
		Release|x86 = Release|x86
	EndGlobalSection
	GlobalSection(ProjectConfigurationPlatforms) = postSolution
		{5BFC3E5C-A15F-418C-8CED-AB4A4EED04B6}.Debug|Any CPU.ActiveCfg = Debug|Any CPU
		{5BFC3E5C-A15F-418C-8CED-AB4A4EED04B6}.Debug|Any CPU.Build.0 = Debug|Any CPU
		{5BFC3E5C-A15F-418C-8CED-AB4A4EED04B6}.Release|Any CPU.ActiveCfg = Release|Any CPU
		{5BFC3E5C-A15F-418C-8CED-AB4A4EED04B6}.Release|Any CPU.Build.0 = Release|Any CPU
		{42FF1B9F-8D15-4C27-8AA8-B945E1235DF6}.Debug|Any CPU.ActiveCfg = Debug|Any CPU
		{42FF1B9F-8D15-4C27-8AA8-B945E1235DF6}.Debug|Any CPU.Build.0 = Debug|Any CPU
		{42FF1B9F-8D15-4C27-8AA8-B945E1235DF6}.Debug|x64.ActiveCfg = Debug|x64
		{42FF1B9F-8D15-4C27-8AA8-B945E1235DF6}.Debug|x64.Build.0 = Debug|x64
		{42FF1B9F-8D15-4C27-8AA8-B945E1235DF6}.Debug|x86.ActiveCfg = Debug|x86
		{42FF1B9F-8D15-4C27-8AA8-B945E1235DF6}.Debug|x86.Build.0 = Debug|x86
		{42FF1B9F-8D15-4C27-8AA8-B945E1235DF6}.Release|Any CPU.ActiveCfg = Release|Any CPU
		{42FF1B9F-8D15-4C27-8AA8-B945E1235DF6}.Release|Any CPU.Build.0 = Release|Any CPU
		{42FF1B9F-8D15-4C27-8AA8-B945E1235DF6}.Release|x64.ActiveCfg = Release|x64
		{42FF1B9F-8D15-4C27-8AA8-B945E1235DF6}.Release|x64.Build.0 = Release|x64
		{42FF1B9F-8D15-4C27-8AA8-B945E1235DF6}.Release|x86.ActiveCfg = Release|x86
		{42FF1B9F-8D15-4C27-8AA8-B945E1235DF6}.Release|x86.Build.0 = Release|x86
		{F0885440-96F8-4BD2-AFB9-5623F5F7C3D5}.Debug|Any CPU.ActiveCfg = Debug|Any CPU
		{F0885440-96F8-4BD2-AFB9-5623F5F7C3D5}.Debug|Any CPU.Build.0 = Debug|Any CPU
		{F0885440-96F8-4BD2-AFB9-5623F5F7C3D5}.Debug|x64.ActiveCfg = Debug|x64
		{F0885440-96F8-4BD2-AFB9-5623F5F7C3D5}.Debug|x64.Build.0 = Debug|x64
		{F0885440-96F8-4BD2-AFB9-5623F5F7C3D5}.Debug|x86.ActiveCfg = Debug|x86
		{F0885440-96F8-4BD2-AFB9-5623F5F7C3D5}.Debug|x86.Build.0 = Debug|x86
		{F0885440-96F8-4BD2-AFB9-5623F5F7C3D5}.Release|Any CPU.ActiveCfg = Release|Any CPU
		{F0885440-96F8-4BD2-AFB9-5623F5F7C3D5}.Release|Any CPU.Build.0 = Release|Any CPU
		{F0885440-96F8-4BD2-AFB9-5623F5F7C3D5}.Release|x64.ActiveCfg = Release|x64
		{F0885440-96F8-4BD2-AFB9-5623F5F7C3D5}.Release|x64.Build.0 = Release|x64
		{F0885440-96F8-4BD2-AFB9-5623F5F7C3D5}.Release|x86.ActiveCfg = Release|x86
		{F0885440-96F8-4BD2-AFB9-5623F5F7C3D5}.Release|x86.Build.0 = Release|x86
		{95D8BBBB-200B-442D-A864-523E502B7CAE}.Debug|Any CPU.ActiveCfg = Debug|Any CPU
		{95D8BBBB-200B-442D-A864-523E502B7CAE}.Debug|Any CPU.Build.0 = Debug|Any CPU
		{95D8BBBB-200B-442D-A864-523E502B7CAE}.Debug|x64.ActiveCfg = Debug|x64
		{95D8BBBB-200B-442D-A864-523E502B7CAE}.Debug|x64.Build.0 = Debug|x64
		{95D8BBBB-200B-442D-A864-523E502B7CAE}.Debug|x86.ActiveCfg = Debug|x86
		{95D8BBBB-200B-442D-A864-523E502B7CAE}.Debug|x86.Build.0 = Debug|x86
		{95D8BBBB-200B-442D-A864-523E502B7CAE}.Release|Any CPU.ActiveCfg = Release|Any CPU
		{95D8BBBB-200B-442D-A864-523E502B7CAE}.Release|Any CPU.Build.0 = Release|Any CPU
		{95D8BBBB-200B-442D-A864-523E502B7CAE}.Release|x64.ActiveCfg = Release|x64
		{95D8BBBB-200B-442D-A864-523E502B7CAE}.Release|x64.Build.0 = Release|x64
		{95D8BBBB-200B-442D-A864-523E502B7CAE}.Release|x86.ActiveCfg = Release|x86
		{95D8BBBB-200B-442D-A864-523E502B7CAE}.Release|x86.Build.0 = Release|x86
	EndGlobalSection
	GlobalSection(SolutionProperties) = preSolution
		HideSolutionNode = FALSE
	EndGlobalSection
	GlobalSection(ExtensibilityGlobals) = postSolution
		SolutionGuid = {3756811E-C8B7-4B2F-8DC9-B6DE99D6829D}
	EndGlobalSection
EndGlobal
